
Microsoft Visual Studio Solution File, Format Version 12.00
# Visual Studio 15
VisualStudioVersion = 15.0.28307.329
MinimumVisualStudioVersion = 10.0.40219.1
Project("{FAE04EC0-301F-11D3-BF4B-00C04F79EFBC}") = "Dynamics.Plugins", "Dynamics.Plugins\Dynamics.Plugins.csproj", "{460150DE-7CCF-43FF-B95A-A00786D11F9F}"
EndProject
Project("{FAE04EC0-301F-11D3-BF4B-00C04F79EFBC}") = "Dynamics.WFActivities", "Dynamics.WFActivities\Dynamics.WFActivities.csproj", "{DF9D65CF-97DA-4DA1-B12E-AA36FAB42642}"
EndProject
Project("{FAE04EC0-301F-11D3-BF4B-00C04F79EFBC}") = "Dynamics.WebResources", "Dynamics.WebResources\Dynamics.WebResources.csproj", "{E567CFDB-8D46-4175-95F4-6AFF878DD1F9}"
EndProject
Global
	GlobalSection(SolutionConfigurationPlatforms) = preSolution
		Debug|Any CPU = Debug|Any CPU
		Release|Any CPU = Release|Any CPU
	EndGlobalSection
	GlobalSection(ProjectConfigurationPlatforms) = postSolution
		{460150DE-7CCF-43FF-B95A-A00786D11F9F}.Debug|Any CPU.ActiveCfg = Debug|Any CPU
		{460150DE-7CCF-43FF-B95A-A00786D11F9F}.Debug|Any CPU.Build.0 = Debug|Any CPU
		{460150DE-7CCF-43FF-B95A-A00786D11F9F}.Release|Any CPU.ActiveCfg = Release|Any CPU
		{460150DE-7CCF-43FF-B95A-A00786D11F9F}.Release|Any CPU.Build.0 = Release|Any CPU
		{DF9D65CF-97DA-4DA1-B12E-AA36FAB42642}.Debug|Any CPU.ActiveCfg = Debug|Any CPU
		{DF9D65CF-97DA-4DA1-B12E-AA36FAB42642}.Debug|Any CPU.Build.0 = Debug|Any CPU
		{DF9D65CF-97DA-4DA1-B12E-AA36FAB42642}.Release|Any CPU.ActiveCfg = Release|Any CPU
		{DF9D65CF-97DA-4DA1-B12E-AA36FAB42642}.Release|Any CPU.Build.0 = Release|Any CPU
		{E567CFDB-8D46-4175-95F4-6AFF878DD1F9}.Debug|Any CPU.ActiveCfg = Debug|Any CPU
		{E567CFDB-8D46-4175-95F4-6AFF878DD1F9}.Debug|Any CPU.Build.0 = Debug|Any CPU
		{E567CFDB-8D46-4175-95F4-6AFF878DD1F9}.Release|Any CPU.ActiveCfg = Release|Any CPU
		{E567CFDB-8D46-4175-95F4-6AFF878DD1F9}.Release|Any CPU.Build.0 = Release|Any CPU
	EndGlobalSection
	GlobalSection(SolutionProperties) = preSolution
		HideSolutionNode = FALSE
	EndGlobalSection
	GlobalSection(ExtensibilityGlobals) = postSolution
		SolutionGuid = {87DC6134-9A2B-4FED-9443-E1297CD26778}
	EndGlobalSection
EndGlobal
